
Microsoft Visual Studio Solution File, Format Version 12.00
# Visual Studio 15
VisualStudioVersion = 15.0.27703.2035
MinimumVisualStudioVersion = 10.0.40219.1
Project("{FAE04EC0-301F-11D3-BF4B-00C04F79EFBC}") = "SafeguardDotNet", "SafeguardDotNet\SafeguardDotNet.csproj", "{E2A99B0B-7037-4FF0-AECD-C3AFAE5B068F}"
EndProject
Global
	GlobalSection(SolutionConfigurationPlatforms) = preSolution
		Debug|Any CPU = Debug|Any CPU
		Release|Any CPU = Release|Any CPU
	EndGlobalSection
	GlobalSection(ProjectConfigurationPlatforms) = postSolution
		{E2A99B0B-7037-4FF0-AECD-C3AFAE5B068F}.Debug|Any CPU.ActiveCfg = Debug|Any CPU
		{E2A99B0B-7037-4FF0-AECD-C3AFAE5B068F}.Debug|Any CPU.Build.0 = Debug|Any CPU
		{E2A99B0B-7037-4FF0-AECD-C3AFAE5B068F}.Release|Any CPU.ActiveCfg = Release|Any CPU
		{E2A99B0B-7037-4FF0-AECD-C3AFAE5B068F}.Release|Any CPU.Build.0 = Release|Any CPU
	EndGlobalSection
	GlobalSection(SolutionProperties) = preSolution
		HideSolutionNode = FALSE
	EndGlobalSection
	GlobalSection(ExtensibilityGlobals) = postSolution
		SolutionGuid = {D9CB73C2-C8BA-4198-AC5A-583C98326F2D}
	EndGlobalSection
EndGlobal
